
Microsoft Visual Studio Solution File, Format Version 12.00
# Visual Studio Version 17
VisualStudioVersion = 17.13.35825.156 d17.13
MinimumVisualStudioVersion = 10.0.40219.1
Project("{8BC9CEB8-8B4A-11D0-8D11-00A0C91BC942}") = "for11", "for11\for11.vcxproj", "{A437E869-09EC-4F0D-A404-908D6FDAF578}"
EndProject
Global
	GlobalSection(SolutionConfigurationPlatforms) = preSolution
		Debug|x64 = Debug|x64
		Debug|x86 = Debug|x86
		Release|x64 = Release|x64
		Release|x86 = Release|x86
	EndGlobalSection
	GlobalSection(ProjectConfigurationPlatforms) = postSolution
		{A437E869-09EC-4F0D-A404-908D6FDAF578}.Debug|x64.ActiveCfg = Debug|x64
		{A437E869-09EC-4F0D-A404-908D6FDAF578}.Debug|x64.Build.0 = Debug|x64
		{A437E869-09EC-4F0D-A404-908D6FDAF578}.Debug|x86.ActiveCfg = Debug|Win32
		{A437E869-09EC-4F0D-A404-908D6FDAF578}.Debug|x86.Build.0 = Debug|Win32
		{A437E869-09EC-4F0D-A404-908D6FDAF578}.Release|x64.ActiveCfg = Release|x64
		{A437E869-09EC-4F0D-A404-908D6FDAF578}.Release|x64.Build.0 = Release|x64
		{A437E869-09EC-4F0D-A404-908D6FDAF578}.Release|x86.ActiveCfg = Release|Win32
		{A437E869-09EC-4F0D-A404-908D6FDAF578}.Release|x86.Build.0 = Release|Win32
	EndGlobalSection
	GlobalSection(SolutionProperties) = preSolution
		HideSolutionNode = FALSE
	EndGlobalSection
	GlobalSection(ExtensibilityGlobals) = postSolution
		SolutionGuid = {A167C7E4-618B-4371-9083-CF891751B5E1}
	EndGlobalSection
EndGlobal
